// !$*UTF8*$!
{
	archiveVersion = 1;
	classes = {
	};
	objectVersion = 46;
	objects = {

/* Begin PBXBuildFile section */
		BA76165B1A310DA100E10A80 /* AppDelegate.swift in Sources */ = {isa = PBXBuildFile; fileRef = BA76165A1A310DA100E10A80 /* AppDelegate.swift */; };
		BA76165E1A310DA100E10A80 /* DupreeDining.xcdatamodeld in Sources */ = {isa = PBXBuildFile; fileRef = BA76165C1A310DA100E10A80 /* DupreeDining.xcdatamodeld */; };
		BA7616601A310DA100E10A80 /* ViewController.swift in Sources */ = {isa = PBXBuildFile; fileRef = BA76165F1A310DA100E10A80 /* ViewController.swift */; };
		BA7616631A310DA100E10A80 /* Main.storyboard in Resources */ = {isa = PBXBuildFile; fileRef = BA7616611A310DA100E10A80 /* Main.storyboard */; };
		BA7616651A310DA100E10A80 /* Images.xcassets in Resources */ = {isa = PBXBuildFile; fileRef = BA7616641A310DA100E10A80 /* Images.xcassets */; };
		BA7616681A310DA100E10A80 /* LaunchScreen.xib in Resources */ = {isa = PBXBuildFile; fileRef = BA7616661A310DA100E10A80 /* LaunchScreen.xib */; };
		BA7616741A310DA100E10A80 /* DupreeDiningTests.swift in Sources */ = {isa = PBXBuildFile; fileRef = BA7616731A310DA100E10A80 /* DupreeDiningTests.swift */; };
		BA76167F1A310F6100E10A80 /* Bolts.framework in Frameworks */ = {isa = PBXBuildFile; fileRef = BA76167D1A310F6100E10A80 /* Bolts.framework */; };
		BA7616801A310F6100E10A80 /* Parse.framework in Frameworks */ = {isa = PBXBuildFile; fileRef = BA76167E1A310F6100E10A80 /* Parse.framework */; };
		BA7616821A310F7F00E10A80 /* AudioToolbox.framework in Frameworks */ = {isa = PBXBuildFile; fileRef = BA7616811A310F7F00E10A80 /* AudioToolbox.framework */; };
		BA7616841A310F8600E10A80 /* CFNetwork.framework in Frameworks */ = {isa = PBXBuildFile; fileRef = BA7616831A310F8600E10A80 /* CFNetwork.framework */; };
		BA7616861A310F8C00E10A80 /* CoreGraphics.framework in Frameworks */ = {isa = PBXBuildFile; fileRef = BA7616851A310F8C00E10A80 /* CoreGraphics.framework */; };
		BA7616881A310F9800E10A80 /* libz.dylib in Frameworks */ = {isa = PBXBuildFile; fileRef = BA7616871A310F9800E10A80 /* libz.dylib */; };
		BA76168A1A310FA100E10A80 /* MobileCoreServices.framework in Frameworks */ = {isa = PBXBuildFile; fileRef = BA7616891A310FA100E10A80 /* MobileCoreServices.framework */; };
		BA76168C1A310FAA00E10A80 /* QuartzCore.framework in Frameworks */ = {isa = PBXBuildFile; fileRef = BA76168B1A310FAA00E10A80 /* QuartzCore.framework */; };
		BA76168E1A310FB300E10A80 /* Security.framework in Frameworks */ = {isa = PBXBuildFile; fileRef = BA76168D1A310FB300E10A80 /* Security.framework */; };
		BA7616901A310FB900E10A80 /* StoreKit.framework in Frameworks */ = {isa = PBXBuildFile; fileRef = BA76168F1A310FB900E10A80 /* StoreKit.framework */; };
		BA7616921A310FC200E10A80 /* SystemConfiguration.framework in Frameworks */ = {isa = PBXBuildFile; fileRef = BA7616911A310FC200E10A80 /* SystemConfiguration.framework */; };
		BA7616961A31110000E10A80 /* Test.m in Sources */ = {isa = PBXBuildFile; fileRef = BA7616951A31110000E10A80 /* Test.m */; };
/* End PBXBuildFile section */

/* Begin PBXContainerItemProxy section */
		BA76166E1A310DA100E10A80 /* PBXContainerItemProxy */ = {
			isa = PBXContainerItemProxy;
			containerPortal = BA76164D1A310DA100E10A80 /* Project object */;
			proxyType = 1;
			remoteGlobalIDString = BA7616541A310DA100E10A80;
			remoteInfo = DupreeDining;
		};
/* End PBXContainerItemProxy section */

/* Begin PBXFileReference section */
		BA7616551A310DA100E10A80 /* DupreeDining.app */ = {isa = PBXFileReference; explicitFileType = wrapper.application; includeInIndex = 0; path = DupreeDining.app; sourceTree = BUILT_PRODUCTS_DIR; };
		BA7616591A310DA100E10A80 /* Info.plist */ = {isa = PBXFileReference; lastKnownFileType = text.plist.xml; path = Info.plist; sourceTree = "<group>"; };
		BA76165A1A310DA100E10A80 /* AppDelegate.swift */ = {isa = PBXFileReference; lastKnownFileType = sourcecode.swift; path = AppDelegate.swift; sourceTree = "<group>"; };
		BA76165D1A310DA100E10A80 /* DupreeDining.xcdatamodel */ = {isa = PBXFileReference; lastKnownFileType = wrapper.xcdatamodel; path = DupreeDining.xcdatamodel; sourceTree = "<group>"; };
		BA76165F1A310DA100E10A80 /* ViewController.swift */ = {isa = PBXFileReference; lastKnownFileType = sourcecode.swift; path = ViewController.swift; sourceTree = "<group>"; };
		BA7616621A310DA100E10A80 /* Base */ = {isa = PBXFileReference; lastKnownFileType = file.storyboard; name = Base; path = Base.lproj/Main.storyboard; sourceTree = "<group>"; };
		BA7616641A310DA100E10A80 /* Images.xcassets */ = {isa = PBXFileReference; lastKnownFileType = folder.assetcatalog; path = Images.xcassets; sourceTree = "<group>"; };
		BA7616671A310DA100E10A80 /* Base */ = {isa = PBXFileReference; lastKnownFileType = file.xib; name = Base; path = Base.lproj/LaunchScreen.xib; sourceTree = "<group>"; };
		BA76166D1A310DA100E10A80 /* DupreeDiningTests.xctest */ = {isa = PBXFileReference; explicitFileType = wrapper.cfbundle; includeInIndex = 0; path = DupreeDiningTests.xctest; sourceTree = BUILT_PRODUCTS_DIR; };
		BA7616721A310DA100E10A80 /* Info.plist */ = {isa = PBXFileReference; lastKnownFileType = text.plist.xml; path = Info.plist; sourceTree = "<group>"; };
		BA7616731A310DA100E10A80 /* DupreeDiningTests.swift */ = {isa = PBXFileReference; lastKnownFileType = sourcecode.swift; path = DupreeDiningTests.swift; sourceTree = "<group>"; };
		BA76167D1A310F6100E10A80 /* Bolts.framework */ = {isa = PBXFileReference; lastKnownFileType = wrapper.framework; name = Bolts.framework; path = "../../../../../Downloads/parse-library-1-2/Bolts.framework"; sourceTree = "<group>"; };
		BA76167E1A310F6100E10A80 /* Parse.framework */ = {isa = PBXFileReference; lastKnownFileType = wrapper.framework; name = Parse.framework; path = "../../../../../Downloads/parse-library-1-2/Parse.framework"; sourceTree = "<group>"; };
		BA7616811A310F7F00E10A80 /* AudioToolbox.framework */ = {isa = PBXFileReference; lastKnownFileType = wrapper.framework; name = AudioToolbox.framework; path = System/Library/Frameworks/AudioToolbox.framework; sourceTree = SDKROOT; };
		BA7616831A310F8600E10A80 /* CFNetwork.framework */ = {isa = PBXFileReference; lastKnownFileType = wrapper.framework; name = CFNetwork.framework; path = System/Library/Frameworks/CFNetwork.framework; sourceTree = SDKROOT; };
		BA7616851A310F8C00E10A80 /* CoreGraphics.framework */ = {isa = PBXFileReference; lastKnownFileType = wrapper.framework; name = CoreGraphics.framework; path = System/Library/Frameworks/CoreGraphics.framework; sourceTree = SDKROOT; };
		BA7616871A310F9800E10A80 /* libz.dylib */ = {isa = PBXFileReference; lastKnownFileType = "compiled.mach-o.dylib"; name = libz.dylib; path = usr/lib/libz.dylib; sourceTree = SDKROOT; };
		BA7616891A310FA100E10A80 /* MobileCoreServices.framework */ = {isa = PBXFileReference; lastKnownFileType = wrapper.framework; name = MobileCoreServices.framework; path = System/Library/Frameworks/MobileCoreServices.framework; sourceTree = SDKROOT; };
		BA76168B1A310FAA00E10A80 /* QuartzCore.framework */ = {isa = PBXFileReference; lastKnownFileType = wrapper.framework; name = QuartzCore.framework; path = System/Library/Frameworks/QuartzCore.framework; sourceTree = SDKROOT; };
		BA76168D1A310FB300E10A80 /* Security.framework */ = {isa = PBXFileReference; lastKnownFileType = wrapper.framework; name = Security.framework; path = System/Library/Frameworks/Security.framework; sourceTree = SDKROOT; };
		BA76168F1A310FB900E10A80 /* StoreKit.framework */ = {isa = PBXFileReference; lastKnownFileType = wrapper.framework; name = StoreKit.framework; path = System/Library/Frameworks/StoreKit.framework; sourceTree = SDKROOT; };
		BA7616911A310FC200E10A80 /* SystemConfiguration.framework */ = {isa = PBXFileReference; lastKnownFileType = wrapper.framework; name = SystemConfiguration.framework; path = System/Library/Frameworks/SystemConfiguration.framework; sourceTree = SDKROOT; };
		BA7616941A31110000E10A80 /* DupreeDining-Bridging-Header.h */ = {isa = PBXFileReference; lastKnownFileType = sourcecode.c.h; path = "DupreeDining-Bridging-Header.h"; sourceTree = SOURCE_ROOT; };
		BA7616951A31110000E10A80 /* Test.m */ = {isa = PBXFileReference; fileEncoding = 4; lastKnownFileType = sourcecode.c.objc; path = Test.m; sourceTree = "<group>"; };
/* End PBXFileReference section */

/* Begin PBXFrameworksBuildPhase section */
		BA7616521A310DA100E10A80 /* Frameworks */ = {
			isa = PBXFrameworksBuildPhase;
			buildActionMask = 2147483647;
			files = (
				BA7616921A310FC200E10A80 /* SystemConfiguration.framework in Frameworks */,
				BA7616901A310FB900E10A80 /* StoreKit.framework in Frameworks */,
				BA76168E1A310FB300E10A80 /* Security.framework in Frameworks */,
				BA76168C1A310FAA00E10A80 /* QuartzCore.framework in Frameworks */,
				BA76168A1A310FA100E10A80 /* MobileCoreServices.framework in Frameworks */,
				BA7616881A310F9800E10A80 /* libz.dylib in Frameworks */,
				BA7616861A310F8C00E10A80 /* CoreGraphics.framework in Frameworks */,
				BA7616841A310F8600E10A80 /* CFNetwork.framework in Frameworks */,
				BA7616821A310F7F00E10A80 /* AudioToolbox.framework in Frameworks */,
				BA76167F1A310F6100E10A80 /* Bolts.framework in Frameworks */,
				BA7616801A310F6100E10A80 /* Parse.framework in Frameworks */,
			);
			runOnlyForDeploymentPostprocessing = 0;
		};
		BA76166A1A310DA100E10A80 /* Frameworks */ = {
			isa = PBXFrameworksBuildPhase;
			buildActionMask = 2147483647;
			files = (
			);
			runOnlyForDeploymentPostprocessing = 0;
		};
/* End PBXFrameworksBuildPhase section */

/* Begin PBXGroup section */
		BA76164C1A310DA100E10A80 = {
			isa = PBXGroup;
			children = (
				BA7616951A31110000E10A80 /* Test.m */,
				BA7616571A310DA100E10A80 /* DupreeDining */,
				BA7616701A310DA100E10A80 /* DupreeDiningTests */,
				BA7616561A310DA100E10A80 /* Products */,
			);
			sourceTree = "<group>";
		};
		BA7616561A310DA100E10A80 /* Products */ = {
			isa = PBXGroup;
			children = (
				BA7616551A310DA100E10A80 /* DupreeDining.app */,
				BA76166D1A310DA100E10A80 /* DupreeDiningTests.xctest */,
			);
			name = Products;
			sourceTree = "<group>";
		};
		BA7616571A310DA100E10A80 /* DupreeDining */ = {
			isa = PBXGroup;
			children = (
				BA76165A1A310DA100E10A80 /* AppDelegate.swift */,
				BA7616941A31110000E10A80 /* DupreeDining-Bridging-Header.h */,
				BA76165F1A310DA100E10A80 /* ViewController.swift */,
				BA7616611A310DA100E10A80 /* Main.storyboard */,
				BA7616641A310DA100E10A80 /* Images.xcassets */,
				BA7616661A310DA100E10A80 /* LaunchScreen.xib */,
				BA76165C1A310DA100E10A80 /* DupreeDining.xcdatamodeld */,
				BA7616581A310DA100E10A80 /* Supporting Files */,
			);
			path = DupreeDining;
			sourceTree = "<group>";
		};
		BA7616581A310DA100E10A80 /* Supporting Files */ = {
			isa = PBXGroup;
			children = (
				BA7616911A310FC200E10A80 /* SystemConfiguration.framework */,
				BA76168F1A310FB900E10A80 /* StoreKit.framework */,
				BA76168D1A310FB300E10A80 /* Security.framework */,
				BA76168B1A310FAA00E10A80 /* QuartzCore.framework */,
				BA7616891A310FA100E10A80 /* MobileCoreServices.framework */,
				BA7616871A310F9800E10A80 /* libz.dylib */,
				BA7616851A310F8C00E10A80 /* CoreGraphics.framework */,
				BA7616831A310F8600E10A80 /* CFNetwork.framework */,
				BA7616811A310F7F00E10A80 /* AudioToolbox.framework */,
				BA76167D1A310F6100E10A80 /* Bolts.framework */,
				BA76167E1A310F6100E10A80 /* Parse.framework */,
				BA7616591A310DA100E10A80 /* Info.plist */,
			);
			name = "Supporting Files";
			sourceTree = "<group>";
		};
		BA7616701A310DA100E10A80 /* DupreeDiningTests */ = {
			isa = PBXGroup;
			children = (
				BA7616731A310DA100E10A80 /* DupreeDiningTests.swift */,
				BA7616711A310DA100E10A80 /* Supporting Files */,
			);
			path = DupreeDiningTests;
			sourceTree = "<group>";
		};
		BA7616711A310DA100E10A80 /* Supporting Files */ = {
			isa = PBXGroup;
			children = (
				BA7616721A310DA100E10A80 /* Info.plist */,
			);
			name = "Supporting Files";
			sourceTree = "<group>";
		};
/* End PBXGroup section */

/* Begin PBXNativeTarget section */
		BA7616541A310DA100E10A80 /* DupreeDining */ = {
			isa = PBXNativeTarget;
			buildConfigurationList = BA7616771A310DA100E10A80 /* Build configuration list for PBXNativeTarget "DupreeDining" */;
			buildPhases = (
				BA7616511A310DA100E10A80 /* Sources */,
				BA7616521A310DA100E10A80 /* Frameworks */,
				BA7616531A310DA100E10A80 /* Resources */,
			);
			buildRules = (
			);
			dependencies = (
			);
			name = DupreeDining;
			productName = DupreeDining;
			productReference = BA7616551A310DA100E10A80 /* DupreeDining.app */;
			productType = "com.apple.product-type.application";
		};
		BA76166C1A310DA100E10A80 /* DupreeDiningTests */ = {
			isa = PBXNativeTarget;
			buildConfigurationList = BA76167A1A310DA100E10A80 /* Build configuration list for PBXNativeTarget "DupreeDiningTests" */;
			buildPhases = (
				BA7616691A310DA100E10A80 /* Sources */,
				BA76166A1A310DA100E10A80 /* Frameworks */,
				BA76166B1A310DA100E10A80 /* Resources */,
			);
			buildRules = (
			);
			dependencies = (
				BA76166F1A310DA100E10A80 /* PBXTargetDependency */,
			);
			name = DupreeDiningTests;
			productName = DupreeDiningTests;
			productReference = BA76166D1A310DA100E10A80 /* DupreeDiningTests.xctest */;
			productType = "com.apple.product-type.bundle.unit-test";
		};
/* End PBXNativeTarget section */

/* Begin PBXProject section */
		BA76164D1A310DA100E10A80 /* Project object */ = {
			isa = PBXProject;
			attributes = {
				LastUpgradeCheck = 0610;
				ORGANIZATIONNAME = "Red River IT Consulting";
				TargetAttributes = {
					BA7616541A310DA100E10A80 = {
						CreatedOnToolsVersion = 6.1.1;
					};
					BA76166C1A310DA100E10A80 = {
						CreatedOnToolsVersion = 6.1.1;
						TestTargetID = BA7616541A310DA100E10A80;
					};
				};
			};
			buildConfigurationList = BA7616501A310DA100E10A80 /* Build configuration list for PBXProject "DupreeDining" */;
			compatibilityVersion = "Xcode 3.2";
			developmentRegion = English;
			hasScannedForEncodings = 0;
			knownRegions = (
				en,
				Base,
			);
			mainGroup = BA76164C1A310DA100E10A80;
			productRefGroup = BA7616561A310DA100E10A80 /* Products */;
			projectDirPath = "";
			projectRoot = "";
			targets = (
				BA7616541A310DA100E10A80 /* DupreeDining */,
				BA76166C1A310DA100E10A80 /* DupreeDiningTests */,
			);
		};
/* End PBXProject section */

/* Begin PBXResourcesBuildPhase section */
		BA7616531A310DA100E10A80 /* Resources */ = {
			isa = PBXResourcesBuildPhase;
			buildActionMask = 2147483647;
			files = (
				BA7616631A310DA100E10A80 /* Main.storyboard in Resources */,
				BA7616681A310DA100E10A80 /* LaunchScreen.xib in Resources */,
				BA7616651A310DA100E10A80 /* Images.xcassets in Resources */,
			);
			runOnlyForDeploymentPostprocessing = 0;
		};
		BA76166B1A310DA100E10A80 /* Resources */ = {
			isa = PBXResourcesBuildPhase;
			buildActionMask = 2147483647;
			files = (
			);
			runOnlyForDeploymentPostprocessing = 0;
		};
/* End PBXResourcesBuildPhase section */

/* Begin PBXSourcesBuildPhase section */
		BA7616511A310DA100E10A80 /* Sources */ = {
			isa = PBXSourcesBuildPhase;
			buildActionMask = 2147483647;
			files = (
				BA7616601A310DA100E10A80 /* ViewController.swift in Sources */,
				BA7616961A31110000E10A80 /* Test.m in Sources */,
				BA76165B1A310DA100E10A80 /* AppDelegate.swift in Sources */,
				BA76165E1A310DA100E10A80 /* DupreeDining.xcdatamodeld in Sources */,
			);
			runOnlyForDeploymentPostprocessing = 0;
		};
		BA7616691A310DA100E10A80 /* Sources */ = {
			isa = PBXSourcesBuildPhase;
			buildActionMask = 2147483647;
			files = (
				BA7616741A310DA100E10A80 /* DupreeDiningTests.swift in Sources */,
			);
			runOnlyForDeploymentPostprocessing = 0;
		};
/* End PBXSourcesBuildPhase section */

/* Begin PBXTargetDependency section */
		BA76166F1A310DA100E10A80 /* PBXTargetDependency */ = {
			isa = PBXTargetDependency;
			target = BA7616541A310DA100E10A80 /* DupreeDining */;
			targetProxy = BA76166E1A310DA100E10A80 /* PBXContainerItemProxy */;
		};
/* End PBXTargetDependency section */

/* Begin PBXVariantGroup section */
		BA7616611A310DA100E10A80 /* Main.storyboard */ = {
			isa = PBXVariantGroup;
			children = (
				BA7616621A310DA100E10A80 /* Base */,
			);
			name = Main.storyboard;
			sourceTree = "<group>";
		};
		BA7616661A310DA100E10A80 /* LaunchScreen.xib */ = {
			isa = PBXVariantGroup;
			children = (
				BA7616671A310DA100E10A80 /* Base */,
			);
			name = LaunchScreen.xib;
			sourceTree = "<group>";
		};
/* End PBXVariantGroup section */

/* Begin XCBuildConfiguration section */
		BA7616751A310DA100E10A80 /* Debug */ = {
			isa = XCBuildConfiguration;
			buildSettings = {
				ALWAYS_SEARCH_USER_PATHS = NO;
				CLANG_CXX_LANGUAGE_STANDARD = "gnu++0x";
				CLANG_CXX_LIBRARY = "libc++";
				CLANG_ENABLE_MODULES = YES;
				CLANG_ENABLE_OBJC_ARC = YES;
				CLANG_WARN_BOOL_CONVERSION = YES;
				CLANG_WARN_CONSTANT_CONVERSION = YES;
				CLANG_WARN_DIRECT_OBJC_ISA_USAGE = YES_ERROR;
				CLANG_WARN_EMPTY_BODY = YES;
				CLANG_WARN_ENUM_CONVERSION = YES;
				CLANG_WARN_INT_CONVERSION = YES;
				CLANG_WARN_OBJC_ROOT_CLASS = YES_ERROR;
				CLANG_WARN_UNREACHABLE_CODE = YES;
				CLANG_WARN__DUPLICATE_METHOD_MATCH = YES;
				"CODE_SIGN_IDENTITY[sdk=iphoneos*]" = "iPhone Developer";
				COPY_PHASE_STRIP = NO;
				ENABLE_STRICT_OBJC_MSGSEND = YES;
				GCC_C_LANGUAGE_STANDARD = gnu99;
				GCC_DYNAMIC_NO_PIC = NO;
				GCC_OPTIMIZATION_LEVEL = 0;
				GCC_PREPROCESSOR_DEFINITIONS = (
					"DEBUG=1",
					"$(inherited)",
				);
				GCC_SYMBOLS_PRIVATE_EXTERN = NO;
				GCC_WARN_64_TO_32_BIT_CONVERSION = YES;
				GCC_WARN_ABOUT_RETURN_TYPE = YES_ERROR;
				GCC_WARN_UNDECLARED_SELECTOR = YES;
				GCC_WARN_UNINITIALIZED_AUTOS = YES_AGGRESSIVE;
				GCC_WARN_UNUSED_FUNCTION = YES;
				GCC_WARN_UNUSED_VARIABLE = YES;
				IPHONEOS_DEPLOYMENT_TARGET = 8.1;
				MTL_ENABLE_DEBUG_INFO = YES;
				ONLY_ACTIVE_ARCH = YES;
				SDKROOT = iphoneos;
				SWIFT_OPTIMIZATION_LEVEL = "-Onone";
				TARGETED_DEVICE_FAMILY = 2;
			};
			name = Debug;
		};
		BA7616761A310DA100E10A80 /* Release */ = {
			isa = XCBuildConfiguration;
			buildSettings = {
				ALWAYS_SEARCH_USER_PATHS = NO;
				CLANG_CXX_LANGUAGE_STANDARD = "gnu++0x";
				CLANG_CXX_LIBRARY = "libc++";
				CLANG_ENABLE_MODULES = YES;
				CLANG_ENABLE_OBJC_ARC = YES;
				CLANG_WARN_BOOL_CONVERSION = YES;
				CLANG_WARN_CONSTANT_CONVERSION = YES;
				CLANG_WARN_DIRECT_OBJC_ISA_USAGE = YES_ERROR;
				CLANG_WARN_EMPTY_BODY = YES;
				CLANG_WARN_ENUM_CONVERSION = YES;
				CLANG_WARN_INT_CONVERSION = YES;
				CLANG_WARN_OBJC_ROOT_CLASS = YES_ERROR;
				CLANG_WARN_UNREACHABLE_CODE = YES;
				CLANG_WARN__DUPLICATE_METHOD_MATCH = YES;
				"CODE_SIGN_IDENTITY[sdk=iphoneos*]" = "iPhone Developer";
				COPY_PHASE_STRIP = YES;
				ENABLE_NS_ASSERTIONS = NO;
				ENABLE_STRICT_OBJC_MSGSEND = YES;
				GCC_C_LANGUAGE_STANDARD = gnu99;
				GCC_WARN_64_TO_32_BIT_CONVERSION = YES;
				GCC_WARN_ABOUT_RETURN_TYPE = YES_ERROR;
				GCC_WARN_UNDECLARED_SELECTOR = YES;
				GCC_WARN_UNINITIALIZED_AUTOS = YES_AGGRESSIVE;
				GCC_WARN_UNUSED_FUNCTION = YES;
				GCC_WARN_UNUSED_VARIABLE = YES;
				IPHONEOS_DEPLOYMENT_TARGET = 8.1;
				MTL_ENABLE_DEBUG_INFO = NO;
				SDKROOT = iphoneos;
				TARGETED_DEVICE_FAMILY = 2;
				VALIDATE_PRODUCT = YES;
			};
			name = Release;
		};
		BA7616781A310DA100E10A80 /* Debug */ = {
			isa = XCBuildConfiguration;
			buildSettings = {
				ASSETCATALOG_COMPILER_APPICON_NAME = AppIcon;
				CLANG_ENABLE_MODULES = YES;
				FRAMEWORK_SEARCH_PATHS = (
					"$(inherited)",
					"/Users/RRITC/Downloads/parse-library-1-2",
				);
				INFOPLIST_FILE = DupreeDining/Info.plist;
				LD_RUNPATH_SEARCH_PATHS = "$(inherited) @executable_path/Frameworks";
				PRODUCT_NAME = "$(TARGET_NAME)";
				SWIFT_OBJC_BRIDGING_HEADER = "DupreeDining-Bridging-Header.h";
				SWIFT_OPTIMIZATION_LEVEL = "-Onone";
			};
			name = Debug;
		};
		BA7616791A310DA100E10A80 /* Release */ = {
			isa = XCBuildConfiguration;
			buildSettings = {
				ASSETCATALOG_COMPILER_APPICON_NAME = AppIcon;
				CLANG_ENABLE_MODULES = YES;
				FRAMEWORK_SEARCH_PATHS = (
					"$(inherited)",
					"/Users/RRITC/Downloads/parse-library-1-2",
				);
				INFOPLIST_FILE = DupreeDining/Info.plist;
				LD_RUNPATH_SEARCH_PATHS = "$(inherited) @executable_path/Frameworks";
				PRODUCT_NAME = "$(TARGET_NAME)";
				SWIFT_OBJC_BRIDGING_HEADER = "DupreeDining-Bridging-Header.h";
			};
			name = Release;
		};
		BA76167B1A310DA100E10A80 /* Debug */ = {
			isa = XCBuildConfiguration;
			buildSettings = {
				BUNDLE_LOADER = "$(TEST_HOST)";
				FRAMEWORK_SEARCH_PATHS = (
					"$(SDKROOT)/Developer/Library/Frameworks",
					"$(inherited)",
				);
				GCC_PREPROCESSOR_DEFINITIONS = (
					"DEBUG=1",
					"$(inherited)",
				);
				INFOPLIST_FILE = DupreeDiningTests/Info.plist;
				LD_RUNPATH_SEARCH_PATHS = "$(inherited) @executable_path/Frameworks @loader_path/Frameworks";
				PRODUCT_NAME = "$(TARGET_NAME)";
				TEST_HOST = "$(BUILT_PRODUCTS_DIR)/DupreeDining.app/DupreeDining";
			};
			name = Debug;
		};
		BA76167C1A310DA100E10A80 /* Release */ = {
			isa = XCBuildConfiguration;
			buildSettings = {
				BUNDLE_LOADER = "$(TEST_HOST)";
				FRAMEWORK_SEARCH_PATHS = (
					"$(SDKROOT)/Developer/Library/Frameworks",
					"$(inherited)",
				);
				INFOPLIST_FILE = DupreeDiningTests/Info.plist;
				LD_RUNPATH_SEARCH_PATHS = "$(inherited) @executable_path/Frameworks @loader_path/Frameworks";
				PRODUCT_NAME = "$(TARGET_NAME)";
				TEST_HOST = "$(BUILT_PRODUCTS_DIR)/DupreeDining.app/DupreeDining";
			};
			name = Release;
		};
/* End XCBuildConfiguration section */

/* Begin XCConfigurationList section */
		BA7616501A310DA100E10A80 /* Build configuration list for PBXProject "DupreeDining" */ = {
			isa = XCConfigurationList;
			buildConfigurations = (
				BA7616751A310DA100E10A80 /* Debug */,
				BA7616761A310DA100E10A80 /* Release */,
			);
			defaultConfigurationIsVisible = 0;
			defaultConfigurationName = Release;
		};
		BA7616771A310DA100E10A80 /* Build configuration list for PBXNativeTarget "DupreeDining" */ = {
			isa = XCConfigurationList;
			buildConfigurations = (
				BA7616781A310DA100E10A80 /* Debug */,
				BA7616791A310DA100E10A80 /* Release */,
			);
			defaultConfigurationIsVisible = 0;
		};
		BA76167A1A310DA100E10A80 /* Build configuration list for PBXNativeTarget "DupreeDiningTests" */ = {
			isa = XCConfigurationList;
			buildConfigurations = (
				BA76167B1A310DA100E10A80 /* Debug */,
				BA76167C1A310DA100E10A80 /* Release */,
			);
			defaultConfigurationIsVisible = 0;
		};
/* End XCConfigurationList section */

/* Begin XCVersionGroup section */
		BA76165C1A310DA100E10A80 /* DupreeDining.xcdatamodeld */ = {
			isa = XCVersionGroup;
			children = (
				BA76165D1A310DA100E10A80 /* DupreeDining.xcdatamodel */,
			);
			currentVersion = BA76165D1A310DA100E10A80 /* DupreeDining.xcdatamodel */;
			path = DupreeDining.xcdatamodeld;
			sourceTree = "<group>";
			versionGroupType = wrapper.xcdatamodel;
		};
/* End XCVersionGroup section */
	};
	rootObject = BA76164D1A310DA100E10A80 /* Project object */;
}
